
Microsoft Visual Studio Solution File, Format Version 12.00
# Visual Studio Version 16
VisualStudioVersion = 16.0.30204.135
MinimumVisualStudioVersion = 10.0.40219.1
Project("{FAE04EC0-301F-11D3-BF4B-00C04F79EFBC}") = "mertyazilimtestAPI", "mertyazilimtestAPI\mertyazilimtestAPI.csproj", "{12DF8C14-3C7D-457E-9C32-168F0905B475}"
EndProject
Global
	GlobalSection(SolutionConfigurationPlatforms) = preSolution
		Debug|Any CPU = Debug|Any CPU
		Release|Any CPU = Release|Any CPU
	EndGlobalSection
	GlobalSection(ProjectConfigurationPlatforms) = postSolution
		{12DF8C14-3C7D-457E-9C32-168F0905B475}.Debug|Any CPU.ActiveCfg = Debug|Any CPU
		{12DF8C14-3C7D-457E-9C32-168F0905B475}.Debug|Any CPU.Build.0 = Debug|Any CPU
		{12DF8C14-3C7D-457E-9C32-168F0905B475}.Release|Any CPU.ActiveCfg = Release|Any CPU
		{12DF8C14-3C7D-457E-9C32-168F0905B475}.Release|Any CPU.Build.0 = Release|Any CPU
	EndGlobalSection
	GlobalSection(SolutionProperties) = preSolution
		HideSolutionNode = FALSE
	EndGlobalSection
	GlobalSection(ExtensibilityGlobals) = postSolution
		SolutionGuid = {EB8D697E-B3E9-49D6-A167-8AC52A693603}
	EndGlobalSection
EndGlobal
